
Microsoft Visual Studio Solution File, Format Version 12.00
# Visual Studio Version 16
VisualStudioVersion = 16.0.30204.135
MinimumVisualStudioVersion = 10.0.40219.1
Project("{FAE04EC0-301F-11D3-BF4B-00C04F79EFBC}") = "API_Testing_RESTful_booker", "API_Testing_RESTful_booker\API_Testing_RESTful_booker.csproj", "{2DBA2A43-54BD-45FB-946A-A57A077B46BA}"
EndProject
Global
	GlobalSection(SolutionConfigurationPlatforms) = preSolution
		Debug|Any CPU = Debug|Any CPU
		Release|Any CPU = Release|Any CPU
	EndGlobalSection
	GlobalSection(ProjectConfigurationPlatforms) = postSolution
		{2DBA2A43-54BD-45FB-946A-A57A077B46BA}.Debug|Any CPU.ActiveCfg = Debug|Any CPU
		{2DBA2A43-54BD-45FB-946A-A57A077B46BA}.Debug|Any CPU.Build.0 = Debug|Any CPU
		{2DBA2A43-54BD-45FB-946A-A57A077B46BA}.Release|Any CPU.ActiveCfg = Release|Any CPU
		{2DBA2A43-54BD-45FB-946A-A57A077B46BA}.Release|Any CPU.Build.0 = Release|Any CPU
	EndGlobalSection
	GlobalSection(SolutionProperties) = preSolution
		HideSolutionNode = FALSE
	EndGlobalSection
	GlobalSection(ExtensibilityGlobals) = postSolution
		SolutionGuid = {816B8AA8-D715-417E-9B69-400633C27029}
	EndGlobalSection
EndGlobal
